<Project xmlns="http://schemas.microsoft.com/developer/msbuild/2003">
    <PropertyGroup>
        <ProjectGuid>{3C2A4704-BAD3-42B6-8C41-69D707A46C18}</ProjectGuid>
        <ProjectVersion>20.3</ProjectVersion>
        <FrameworkType>VCL</FrameworkType>
        <MainSource>DASTTestApp.dpr</MainSource>
        <Base>True</Base>
        <Config Condition="'$(Config)'==''">Debug</Config>
        <Platform Condition="'$(Platform)'==''">Win32</Platform>
        <TargetedPlatforms>3</TargetedPlatforms>
        <AppType>Application</AppType>
        <ProjectName Condition="'$(ProjectName)'==''">DASTTestApp</ProjectName>
    </PropertyGroup>
    <PropertyGroup Condition="'$(Config)'=='Base' or '$(Base)'!=''">
        <Base>true</Base>
    </PropertyGroup>
    <PropertyGroup Condition="('$(Platform)'=='Win32' and '$(Base)'=='true') or '$(Base_Win32)'!=''">
        <Base_Win32>true</Base_Win32>
        <CfgParent>Base</CfgParent>
        <Base>true</Base>
    </PropertyGroup>
    <PropertyGroup Condition="('$(Platform)'=='Win64' and '$(Base)'=='true') or '$(Base_Win64)'!=''">
        <Base_Win64>true</Base_Win64>
        <CfgParent>Base</CfgParent>
        <Base>true</Base>
    </PropertyGroup>
    <PropertyGroup Condition="'$(Config)'=='Debug' or '$(Cfg_1)'!=''">
        <Cfg_1>true</Cfg_1>
        <CfgParent>Base</CfgParent>
        <Base>true</Base>
    </PropertyGroup>
    <PropertyGroup Condition="('$(Platform)'=='Win32' and '$(Cfg_1)'=='true') or '$(Cfg_1_Win32)'!=''">
        <Cfg_1_Win32>true</Cfg_1_Win32>
        <CfgParent>Cfg_1</CfgParent>
        <Cfg_1>true</Cfg_1>
        <Base>true</Base>
    </PropertyGroup>
    <PropertyGroup Condition="('$(Platform)'=='Win64' and '$(Cfg_1)'=='true') or '$(Cfg_1_Win64)'!=''">
        <Cfg_1_Win64>true</Cfg_1_Win64>
        <CfgParent>Cfg_1</CfgParent>
        <Cfg_1>true</Cfg_1>
        <Base>true</Base>
    </PropertyGroup>
    <PropertyGroup Condition="'$(Config)'=='Release' or '$(Cfg_2)'!=''">
        <Cfg_2>true</Cfg_2>
        <CfgParent>Base</CfgParent>
        <Base>true</Base>
    </PropertyGroup>
    <PropertyGroup Condition="('$(Platform)'=='Win32' and '$(Cfg_2)'=='true') or '$(Cfg_2_Win32)'!=''">
        <Cfg_2_Win32>true</Cfg_2_Win32>
        <CfgParent>Cfg_2</CfgParent>
        <Cfg_2>true</Cfg_2>
        <Base>true</Base>
    </PropertyGroup>
    <PropertyGroup Condition="('$(Platform)'=='Win64' and '$(Cfg_2)'=='true') or '$(Cfg_2_Win64)'!=''">
        <Cfg_2_Win64>true</Cfg_2_Win64>
        <CfgParent>Cfg_2</CfgParent>
        <Cfg_2>true</Cfg_2>
        <Base>true</Base>
    </PropertyGroup>
    <PropertyGroup Condition="'$(Base)'!=''">
        <DCC_DcuOutput>.\Bin\Dcu\$(Platform)\$(Config)</DCC_DcuOutput>
        <DCC_ExeOutput>.\Bin</DCC_ExeOutput>
        <DCC_E>false</DCC_E>
        <DCC_N>false</DCC_N>
        <DCC_S>false</DCC_S>
        <DCC_F>false</DCC_F>
        <DCC_K>false</DCC_K>
        <DCC_UsePackage>RESTComponents;FireDAC;FireDACSqliteDriver;soaprtl;FireDACIBDriver;soapmidas;FireDACCommon;RESTBackendComponents;soapserver;CloudService;FireDACCommonDriver;inet;$(DCC_UsePackage)</DCC_UsePackage>
        <DCC_Namespace>System;Xml;Data;Datasnap;Web;Soap;Vcl;Vcl.Imaging;Vcl.Touch;Vcl.Samples;Vcl.Shell;$(DCC_Namespace)</DCC_Namespace>
        <Icon_MainIcon>$(BDS)\bin\delphi_PROJECTICON.ico</Icon_MainIcon>
        <UWP_DelphiLogo44>$(BDS)\bin\Artwork\Windows\UWP\delphi_UwpDefault_44.png</UWP_DelphiLogo44>
        <UWP_DelphiLogo150>$(BDS)\bin\Artwork\Windows\UWP\delphi_UwpDefault_150.png</UWP_DelphiLogo150>
        <SanitizedProjectName>DASTTestApp</SanitizedProjectName>
        <DCC_UnitSearchPath>..\Source\;..\Source\Lexers;..\TestScripts;..\RTLOverride;$(DCC_UnitSearchPath)</DCC_UnitSearchPath>
        <VerInfo_Locale>1033</VerInfo_Locale>
        <VerInfo_Keys>CompanyName=;FileDescription=$(MSBuildProjectName);FileVersion=1.0.0.0;InternalName=;LegalCopyright=;LegalTrademarks=;OriginalFilename=;ProgramID=com.embarcadero.$(MSBuildProjectName);ProductName=$(MSBuildProjectName);ProductVersion=1.0.0.0;Comments=</VerInfo_Keys>
        <DCC_DUPLICATE_CTOR_DTOR>false</DCC_DUPLICATE_CTOR_DTOR>
        <DCC_UNIT_PLATFORM>false</DCC_UNIT_PLATFORM>
        <DCC_SYMBOL_PLATFORM>false</DCC_SYMBOL_PLATFORM>
        <DCC_NO_RETVAL>error</DCC_NO_RETVAL>
        <DCC_UNIT_DEPRECATED>false</DCC_UNIT_DEPRECATED>
    </PropertyGroup>
    <PropertyGroup Condition="'$(Base_Win32)'!=''">
        <DCC_UsePackage>DBXSqliteDriver;IndyIPCommon;bindcompdbx;DBXInterBaseDriver;vcl;IndyIPServer;vclactnband;vclFireDAC;IndySystem;tethering;svnui;dsnapcon;FireDACADSDriver;FireDACMSAccDriver;fmxFireDAC;vclimg;DCAExpert;TeeDB;SPR_Components;vcltouch;vcldb;bindcompfmx;svn;cxPageControlVCLD7;FireDACPgDriver;DragDropDR102T;inetdb;cxExtEditorsVCLD7;FMXTee;cxDataD7;DbxCommonDriver;FmxTeeUI;fmx;fmxdae;xmlrtl;Tee;fmxobj;vclwinx;rtl;DbxClientDriver;CustomIPTransport;vcldsnap;dbexpress;IndyCore;vclx;bindcomp;appanalytics;dsnap;IndyIPClient;cxEditorsVCLD7;bindcompvcl;dxThemeD7;SynEdit_R;cxGridVCLD7;TeeUI;VCLRESTComponents;dbxcds;VclSmp;cxTreeListVCLD7;adortl;vclie;bindengine;DBXMySQLDriver;dsnapxml;FireDACMySQLDriver;dbrtl;IndyProtocols;inetdbxpress;FireDACCommonODBC;cxLibraryVCLD7;fmxase;$(DCC_UsePackage)</DCC_UsePackage>
        <DCC_Namespace>Winapi;System.Win;Data.Win;Datasnap.Win;Web.Win;Soap.Win;Xml.Win;Bde;$(DCC_Namespace)</DCC_Namespace>
        <BT_BuildType>Debug</BT_BuildType>
        <VerInfo_IncludeVerInfo>true</VerInfo_IncludeVerInfo>
        <AppDPIAwarenessMode>PerMonitorV2</AppDPIAwarenessMode>
        <Manifest_File>$(BDS)\bin\default_app.manifest</Manifest_File>
        <Icon_MainIcon>DASTTestApp_Icon.ico</Icon_MainIcon>
    </PropertyGroup>
    <PropertyGroup Condition="'$(Base_Win64)'!=''">
        <DCC_Namespace>Winapi;System.Win;Data.Win;Datasnap.Win;Web.Win;Soap.Win;Xml.Win;$(DCC_Namespace)</DCC_Namespace>
        <BT_BuildType>Debug</BT_BuildType>
        <VerInfo_IncludeVerInfo>true</VerInfo_IncludeVerInfo>
        <Manifest_File>$(BDS)\bin\default_app.manifest</Manifest_File>
        <AppDPIAwarenessMode>none</AppDPIAwarenessMode>
        <Icon_MainIcon>DASTTestApp_Icon.ico</Icon_MainIcon>
    </PropertyGroup>
    <PropertyGroup Condition="'$(Cfg_1)'!=''">
        <DCC_Define>DEBUG;$(DCC_Define)</DCC_Define>
        <DCC_DebugDCUs>true</DCC_DebugDCUs>
        <DCC_Optimize>false</DCC_Optimize>
        <DCC_GenerateStackFrames>true</DCC_GenerateStackFrames>
        <DCC_DebugInfoInExe>true</DCC_DebugInfoInExe>
        <DCC_RemoteDebug>true</DCC_RemoteDebug>
        <DCC_Inlining>off</DCC_Inlining>
        <DCC_IntegerOverflowCheck>true</DCC_IntegerOverflowCheck>
        <DCC_RangeChecking>true</DCC_RangeChecking>
    </PropertyGroup>
    <PropertyGroup Condition="'$(Cfg_1_Win32)'!=''">
        <DCC_RemoteDebug>false</DCC_RemoteDebug>
        <VerInfo_IncludeVerInfo>true</VerInfo_IncludeVerInfo>
        <DCC_LargeAddressAware>true</DCC_LargeAddressAware>
        <Icon_MainIcon>DASTTestApp_Icon.ico</Icon_MainIcon>
    </PropertyGroup>
    <PropertyGroup Condition="'$(Cfg_1_Win64)'!=''">
        <AppDPIAwarenessMode>PerMonitorV2</AppDPIAwarenessMode>
        <VerInfo_IncludeVerInfo>true</VerInfo_IncludeVerInfo>
        <Icon_MainIcon>DASTTestApp_Icon.ico</Icon_MainIcon>
    </PropertyGroup>
    <PropertyGroup Condition="'$(Cfg_2)'!=''">
        <DCC_LocalDebugSymbols>false</DCC_LocalDebugSymbols>
        <DCC_Define>RELEASE;$(DCC_Define)</DCC_Define>
        <DCC_SymbolReferenceInfo>0</DCC_SymbolReferenceInfo>
        <DCC_DebugInformation>0</DCC_DebugInformation>
    </PropertyGroup>
    <PropertyGroup Condition="'$(Cfg_2_Win32)'!=''">
        <VerInfo_IncludeVerInfo>true</VerInfo_IncludeVerInfo>
        <Icon_MainIcon>DASTTestApp_Icon.ico</Icon_MainIcon>
    </PropertyGroup>
    <PropertyGroup Condition="'$(Cfg_2_Win64)'!=''">
        <AppDPIAwarenessMode>PerMonitorV2</AppDPIAwarenessMode>
        <VerInfo_IncludeVerInfo>true</VerInfo_IncludeVerInfo>
        <Icon_MainIcon>DASTTestApp_Icon.ico</Icon_MainIcon>
    </PropertyGroup>
    <ItemGroup>
        <DelphiCompile Include="$(MainSource)">
            <MainSource>MainSource</MainSource>
        </DelphiCompile>
        <DCCReference Include="TestAppMain.pas">
            <Form>frmTestAppMain</Form>
        </DCCReference>
        <DCCReference Include="..\Source\AVL.pas"/>
        <DCCReference Include="..\Source\AST.Delphi.Classes.pas"/>
        <DCCReference Include="..\Source\AST.Pascal.ConstCalculator.pas"/>
        <DCCReference Include="..\Source\AST.Delphi.DataTypes.pas"/>
        <DCCReference Include="..\Source\AST.Parser.Messages.pas"/>
        <DCCReference Include="..\Source\AST.Delphi.Operators.pas"/>
        <DCCReference Include="..\Source\AST.Parser.Options.pas"/>
        <DCCReference Include="..\Source\AST.Pascal.Project.pas"/>
        <DCCReference Include="..\Source\AST.Delphi.SysFunctions.pas"/>
        <DCCReference Include="..\Source\AST.Parser.Utils.pas"/>
        <DCCReference Include="..\Source\AST.Targets.pas"/>
        <DCCReference Include="..\Source\AST.Pascal.Parser.pas"/>
        <DCCReference Include="..\Source\AST.Delphi.System.pas"/>
        <DCCReference Include="..\Source\Lexers\AST.Lexer.Delphi.pas"/>
        <DCCReference Include="..\Source\AST.Classes.pas"/>
        <DCCReference Include="..\Source\AST.Delphi.Parser.pas"/>
        <DCCReference Include="..\Source\AST.Intf.pas"/>
        <DCCReference Include="..\Source\AST.Delphi.Project.pas"/>
        <DCCReference Include="..\Source\AST.Writer.pas"/>
        <DCCReference Include="..\Source\AST.Parser.Contexts.pas"/>
        <DCCReference Include="..\Source\AST.Delphi.SysOperators.pas"/>
        <DCCReference Include="..\Source\AST.Delphi.Contexts.pas"/>
        <DCCReference Include="..\Source\AST.Delphi.Errors.pas"/>
        <DCCReference Include="..\Source\AST.Parser.Errors.pas"/>
        <DCCReference Include="..\Source\Lexers\AST.Lexer.pas"/>
        <DCCReference Include="..\Source\AST.Parser.ProcessStatuses.pas"/>
        <DCCReference Include="..\Source\AST.Delphi.Options.pas"/>
        <DCCReference Include="..\Source\AST.Delphi.Intf.pas"/>
        <DCCReference Include="..\Source\AST.Pascal.Intf.pas"/>
        <DCCReference Include="..\Source\AST.Delphi.Operators.Signatures.pas"/>
        <DCCReference Include="..\Source\AST.Parser.Log.pas"/>
        <DCCReference Include="..\Source\AST.Delphi.SysTypes.pas"/>
        <DCCReference Include="..\Source\AST.Delphi.Declarations.pas"/>
        <DCCReference Include="AST.Utils.CmdLineParser.pas"/>
        <DCCReference Include="..\Source\AST.JsonSchema.pas"/>
        <DCCReference Include="..\Source\AST.Delphi.JsonSchema.pas"/>
        <DCCReference Include="..\TestScripts\Implict\ASTTest.Implicit.Pointers.pas"/>
        <DCCReference Include="..\TestScripts\Implict\ASTTest.Implicit.Integer.pas"/>
        <DCCReference Include="..\TestScripts\Operators\Compare\ASTTest.Cmp.Strings.pas"/>
        <DCCReference Include="..\TestScripts\Operators\Compare\ASTTest.Cmp.PChars.pas"/>
        <DCCReference Include="..\TestScripts\Operators\Substruct\ASTTest.Sub.Integer.pas"/>
        <DCCReference Include="..\TestScripts\Operators\Add\ASTTest.Add.Pointers.pas"/>
        <DCCReference Include="..\TestScripts\Operators\Compare\ASTTest.Cmp.Pointers.pas"/>
        <DCCReference Include="..\TestScripts\Operators\Neg\ASTTest.Operators.Neg1.pas"/>
        <DCCReference Include="..\TestScripts\Operators\Overload\ASTTest.Ops.OverloadInHelper1.pas"/>
        <DCCReference Include="..\TestScripts\Operators\Overload\ASTTest.Ops.ImplicitAsExplicit1.pas"/>
        <DCCReference Include="..\TestScripts\Operators\Overload\ASTTest.Ops.OverloadWithImplicitCast.pas"/>
        <DCCReference Include="..\TestScripts\Operators\Overload\ASTTest.Ops.OverloadLessThan1.pas"/>
        <DCCReference Include="..\TestScripts\Operators\Ampersand\ASTTest.Ops.Ampersand1.pas"/>
        <DCCReference Include="..\TestScripts\Operators\Addr\ASTTest.AddrOp.Addr1.pas"/>
        <DCCReference Include="..\TestScripts\Operators\Addr\ASTTest.AddrOp.Addr2.pas"/>
        <DCCReference Include="..\TestScripts\Generics\ASTTest.Generics.Class1.pas"/>
        <DCCReference Include="..\TestScripts\Generics\ASTTest.Generics.GenResult.pas"/>
        <DCCReference Include="..\TestScripts\Generics\ASTTest.Generics.Methods.pas"/>
        <DCCReference Include="..\TestScripts\Generics\ASTTest.Generics.MethodWithConstr.pas"/>
        <DCCReference Include="..\TestScripts\Generics\constraints\ASTTest.Generics.MethodConstr1.pas"/>
        <DCCReference Include="..\TestScripts\Generics\ASTTest.Generics.MixedConstr.pas"/>
        <DCCReference Include="..\TestScripts\Generics\ASTTest.Generics.Mixed.pas"/>
        <DCCReference Include="..\TestScripts\Generics\ASTTest.Generics.Array1.pas"/>
        <DCCReference Include="..\TestScripts\Generics\ASTTest.Generics.Array2.pas"/>
        <DCCReference Include="..\TestScripts\Generics\ASTTest.Generics.Array3.pas"/>
        <DCCReference Include="..\TestScripts\Generics\ASTTest.Generics.Array4.pas"/>
        <DCCReference Include="..\TestScripts\Generics\ASTTest.Generics.Nested1.pas"/>
        <DCCReference Include="..\TestScripts\Generics\ASTTest.Generics.Nested2.pas"/>
        <DCCReference Include="..\TestScripts\Generics\ASTTest.Generics.Nested3.pas"/>
        <DCCReference Include="..\TestScripts\Generics\ASTTest.Generics.Enumerator1.pas"/>
        <DCCReference Include="..\TestScripts\Generics\ASTTest.Generics.Enumerator2.pas"/>
        <DCCReference Include="..\TestScripts\Generics\ASTTest.Generics.Intf.Delegation.pas"/>
        <DCCReference Include="..\TestScripts\Generics\ASTTest.Generics.ImplicitCall1.pas"/>
        <DCCReference Include="..\TestScripts\Generics\ASTTest.Generics.ImplicitCall2.pas"/>
        <DCCReference Include="..\TestScripts\Generics\ASTTest.Generics.ImplicitCall3.pas"/>
        <DCCReference Include="..\TestScripts\Generics\ASTTest.Generics.ImplicitCall4.pas"/>
        <DCCReference Include="..\TestScripts\Generics\ASTTest.Generics.ImplicitCall5.pas"/>
        <DCCReference Include="..\TestScripts\Generics\ASTTest.Generics.Constr1.pas"/>
        <DCCReference Include="..\TestScripts\Generics\ASTTest.Generics.Constr2.pas"/>
        <DCCReference Include="..\TestScripts\Generics\ASTTest.Generics.ImplicitCast1.pas"/>
        <DCCReference Include="..\TestScripts\Generics\ASTTest.Generics.ImplicitCast2.pas"/>
        <DCCReference Include="..\TestScripts\Generics\ASTTest.Generics.RecursiveUsing1.pas"/>
        <DCCReference Include="..\TestScripts\Generics\ASTTest.Generics.RecursiveUsing2.pas"/>
        <DCCReference Include="..\TestScripts\Generics\ASTTest.Generics.SmartRef1.pas"/>
        <DCCReference Include="..\TestScripts\Generics\Instantiation\ASTTest.Generics.GenericInstantiation0.pas"/>
        <DCCReference Include="..\TestScripts\Generics\Instantiation\ASTTest.Generics.GenericInstantiation0_1.pas"/>
        <DCCReference Include="..\TestScripts\Generics\Instantiation\ASTTest.Generics.GenericInstantiation0_2.pas"/>
        <DCCReference Include="..\TestScripts\Generics\Instantiation\ASTTest.Generics.GenericInstantiation0_3.pas"/>
        <DCCReference Include="..\TestScripts\Generics\Instantiation\ASTTest.Generics.GenericInstantiation0_4.pas"/>
        <DCCReference Include="..\TestScripts\Generics\Instantiation\ASTTest.Generics.GenericInstantiation0_5.pas"/>
        <DCCReference Include="..\TestScripts\Generics\Instantiation\ASTTest.Generics.InstantiationInMethods1.pas"/>
        <DCCReference Include="..\TestScripts\Generics\Instantiation\ASTTest.Generics.InstantiationNestedType1.pas"/>
        <DCCReference Include="..\TestScripts\Generics\Instantiation\ASTTest.Generics.InstantiationPointers1.pas"/>
        <DCCReference Include="..\TestScripts\Generics\Instantiation\ASTTest.Generics.GenericInstantiation0_6.pas"/>
        <DCCReference Include="..\TestScripts\Generics\Instantiation\ASTTest.Generics.InstantiationMethodOverride1.pas"/>
        <DCCReference Include="..\TestScripts\Generics\ASTTest.Generics.GenericInstantiation1.pas"/>
        <DCCReference Include="..\TestScripts\Generics\ASTTest.Generics.GenericInstantiation2.pas"/>
        <DCCReference Include="..\TestScripts\Generics\ASTTest.Generics.GenericInstantiation3.pas"/>
        <DCCReference Include="..\TestScripts\Generics\ASTTest.Generics.GenericInstantiation4.pas"/>
        <DCCReference Include="..\TestScripts\Generics\ASTTest.Generics.GenericInstantiationProc1.pas"/>
        <DCCReference Include="..\TestScripts\Generics\ASTTest.Generics.GenericInstantiationProc2.pas"/>
        <DCCReference Include="..\TestScripts\Generics\ASTTest.Generics.Overload1.pas"/>
        <DCCReference Include="..\TestScripts\Generics\ASTTest.Generics.TListDecl1.pas"/>
        <DCCReference Include="..\TestScripts\Generics\ASTTest.Generics.TListDecl2.pas"/>
        <DCCReference Include="..\TestScripts\Generics\ASTTest.Generics.TListDecl3.pas"/>
        <DCCReference Include="..\TestScripts\Generics\ASTTest.Generics.SearchAppropriateType1.pas"/>
        <DCCReference Include="..\TestScripts\Generics\ASTTest.Generics.OverloadMethodInstantiation1.pas"/>
        <DCCReference Include="..\TestScripts\Generics\ASTTest.Generics.InstantiationAncestors1.pas"/>
        <DCCReference Include="..\TestScripts\Generics\ASTTest.Generics.InstantiationAncestors2.pas"/>
        <DCCReference Include="..\TestScripts\Generics\Methods\ASTTest.Generics.OverloadProc1.pas"/>
        <DCCReference Include="..\TestScripts\Generics\Methods\ASTTest.Generics.OverloadProc2.pas"/>
        <DCCReference Include="..\TestScripts\Generics\Methods\ASTTest.Generics.OverloadProc3.pas"/>
        <DCCReference Include="..\TestScripts\Generics\Methods\ASTTest.Generics.GenericMethod1.pas"/>
        <DCCReference Include="..\TestScripts\Generics\Methods\ASTTest.Generics.GenericMethod2.pas"/>
        <DCCReference Include="..\TestScripts\Generics\Methods\ASTTest.Generics.GenericMethod3.pas"/>
        <DCCReference Include="..\TestScripts\Generics\Methods\ASTTest.Generics.GenericMethod4.pas"/>
        <DCCReference Include="..\TestScripts\Generics\Interfaces\ASTTest.Generics.IntfImpl1.pas"/>
        <DCCReference Include="..\TestScripts\Generics\Proc Types\ASTTest.Generics.ProcType1.pas"/>
        <DCCReference Include="..\TestScripts\Generics\Proc Types\ASTTest.Generics.ProcType2.pas"/>
        <DCCReference Include="..\TestScripts\Ordinals\ASTTest.Ordian.Enums.Init.pas"/>
        <DCCReference Include="..\TestScripts\Procedures\ASTTest.Procs.External1.pas"/>
        <DCCReference Include="..\TestScripts\Procedures\ASTTest.Procs.External2.pas"/>
        <DCCReference Include="..\TestScripts\Procedures\ASTTest.Procs.DiffSigns1.pas"/>
        <DCCReference Include="..\TestScripts\Procedures\ASTTest.Procs.VarOutParams1.pas"/>
        <DCCReference Include="..\TestScripts\Procedures\ASTTest.Procs.VarOutParams2.pas"/>
        <DCCReference Include="..\TestScripts\Procedures\Overloads\ASTTest.Procs.Overloads.Generics1.pas"/>
        <DCCReference Include="..\TestScripts\Procedures\Overloads\ASTTest.Procs.Overloads.Generics2.pas"/>
        <DCCReference Include="..\TestScripts\Procedures\Overloads\ASTTest.Procs.Overloads.ImplicitCall1.pas"/>
        <DCCReference Include="..\TestScripts\Procedures\Overloads\ASTTest.Procs.Overloads.ImplicitCall2.pas"/>
        <DCCReference Include="..\TestScripts\Procedures\Overloads\ASTTest.Procs.OverloadDecl1.pas"/>
        <DCCReference Include="..\TestScripts\Procedures\Overloads\ASTTest.Procs.OverloadDecl2.pas"/>
        <DCCReference Include="..\TestScripts\Procedures\Overloads\ASTTest.Procs.OverloadDecl3.pas"/>
        <DCCReference Include="..\TestScripts\Procedures\Overloads\ASTTest.Procs.OverloadAndOverride1.pas"/>
        <DCCReference Include="..\TestScripts\Procedures\Overloads\ASTTest.Procs.OverloadAndOverride2.pas"/>
        <DCCReference Include="..\TestScripts\Procedures\Overloads\ASTTest.Procs.Overloads.RawByteString1.pas"/>
        <DCCReference Include="..\TestScripts\Procedures\Overloads\ASTTest.Procs.Overloads.Generics3.pas"/>
        <DCCReference Include="..\TestScripts\Properties\ASTTest.Props.ArrayProp1.pas"/>
        <DCCReference Include="..\TestScripts\Properties\ASTTest.Props.ArrayPropOverload1.pas"/>
        <DCCReference Include="..\TestScripts\Properties\ASTTest.Props.ArrayPropOverload2.pas"/>
        <DCCReference Include="..\TestScripts\Properties\ASTTest.Props.InheritedProp1.pas"/>
        <DCCReference Include="..\TestScripts\Properties\ASTTest.Props.OverloadGetSet.pas"/>
        <DCCReference Include="..\TestScripts\Properties\ASTTest.Props.PropWithIndex1.pas"/>
        <DCCReference Include="..\TestScripts\Properties\ASTTest.Props.PropWithIndex2.pas"/>
        <DCCReference Include="..\TestScripts\Procedures\callconv\ASTTest.Procs.CallConv.Register1.pas"/>
        <DCCReference Include="..\TestScripts\Procedures\ASTTest.Procs.Assembler1.pas"/>
        <DCCReference Include="..\TestScripts\Procedures\ASTTest.Procs.MixingDirectives1.pas"/>
        <DCCReference Include="..\TestScripts\Procedures\ASTTest.Procs.ParamName1.pas"/>
        <DCCReference Include="..\TestScripts\Procedures\ASTTest.Procs.ImplicitCall1.pas"/>
        <DCCReference Include="..\TestScripts\Procedures\ASTTest.Procs.UntypedRefParam1.pas"/>
        <DCCReference Include="..\TestScripts\Procedures\ASTTest.Procs.UntypedRefParam2.pas"/>
        <DCCReference Include="..\TestScripts\Procedures\ASTTest.Procs.UntypedRefParam3.pas"/>
        <DCCReference Include="..\TestScripts\Procedures\Closures\ASTTest.Procs.ClosureWithInherited1.pas"/>
        <DCCReference Include="..\TestScripts\Procedures\Proc Types\ASTTest.ProcTypes.ProcType1.pas"/>
        <DCCReference Include="..\TestScripts\Procedures\Proc Types\ASTTest.ProcTypes.ProcType2.pas"/>
        <DCCReference Include="..\TestScripts\Procedures\Proc Types\ASTTest.ProcTypes.ProcType3.pas"/>
        <DCCReference Include="..\TestScripts\Classes\ASTTest.Classes.Base.pas"/>
        <DCCReference Include="..\TestScripts\Classes\Constructors\ASTTest.Classes.Construct1.pas"/>
        <DCCReference Include="..\TestScripts\Classes\Constructors\ASTTest.Classes.Construct2.pas"/>
        <DCCReference Include="..\TestScripts\Classes\ASTTest.Classes.Inherited1.pas"/>
        <DCCReference Include="..\TestScripts\Classes\ASTTest.Classes.Inherited2.pas"/>
        <DCCReference Include="..\TestScripts\Classes\ASTTest.Classes.Inherited3.pas"/>
        <DCCReference Include="..\TestScripts\Classes\ASTTest.Classes.Inherited4.pas"/>
        <DCCReference Include="..\TestScripts\Classes\ASTTest.Classes.Inherited5.pas"/>
        <DCCReference Include="..\TestScripts\Classes\ASTTest.Classes.MethodsRedefine1.pas"/>
        <DCCReference Include="..\TestScripts\Classes\ASTTest.Classes.MethodsRedefine2.pas"/>
        <DCCReference Include="..\TestScripts\Classes\ASTTest.Classes.VirtualsOverlod1.pas"/>
        <DCCReference Include="..\TestScripts\Classes\ASTTest.Classes.DiffSigns1.pas"/>
        <DCCReference Include="..\TestScripts\Classes\Inheritance\ASTTest.Classes.Inheritance.Generics1.pas"/>
        <DCCReference Include="..\TestScripts\Classes\ASTTest.Classes.OverloadMethodNoParams1.pas"/>
        <DCCReference Include="..\TestScripts\Classes\ASTTest.Classes.OverloadMethodNoParams2.pas"/>
        <DCCReference Include="..\TestScripts\Helpers\ASTTest.Helpers.Helper1.pas"/>
        <DCCReference Include="..\TestScripts\Helpers\ASTTest.Helpers.Helper2.pas"/>
        <DCCReference Include="..\TestScripts\Helpers\ASTTest.Helpers.InheritedHelper.pas"/>
        <DCCReference Include="..\TestScripts\Helpers\ASTTest.Helpers.HelperForNested1.pas"/>
        <DCCReference Include="..\TestScripts\Helpers\ASTTest.Helpers.HelperForAliases1.pas"/>
        <DCCReference Include="..\TestScripts\Helpers\ASTTest.Helpers.HelperForAliases2.pas"/>
        <DCCReference Include="..\TestScripts\Helpers\ASTTest.Helpers.HelperForAliases3.pas"/>
        <DCCReference Include="..\TestScripts\Helpers\ASTTest.Helpers.Declaration.pas"/>
        <DCCReference Include="..\TestScripts\Helpers\ASTTest.Helpers.Main.pas"/>
        <DCCReference Include="..\TestScripts\Helpers\ASTTest.Helpers.ClassVar.pas"/>
        <DCCReference Include="..\TestScripts\Helpers\ASTTest.Helpers.ClassCtor.pas"/>
        <DCCReference Include="..\TestScripts\Helpers\ASTTest.Helpers.GenericTypeInHelper1.pas"/>
        <DCCReference Include="..\TestScripts\Helpers\ASTTest.Helpers.TypeCast1.pas"/>
        <DCCReference Include="..\TestScripts\Helpers\ASTTest.Helpers.TypeCast2.pas"/>
        <DCCReference Include="..\TestScripts\Loops\ASTTest.Loops.For1.pas"/>
        <DCCReference Include="..\TestScripts\Loops\ASTTest.Loops.ForIn1.pas"/>
        <DCCReference Include="..\TestScripts\Variants\ASTTest.Variants.Variant1.pas"/>
        <DCCReference Include="..\TestScripts\Variants\ASTTest.Variants.Cmp.pas"/>
        <DCCReference Include="..\TestScripts\Variants\ASTTest.Variants.TypeCast1.pas"/>
        <DCCReference Include="..\TestScripts\Variants\ASTTest.Variants.TypeCast2.pas"/>
        <DCCReference Include="..\TestScripts\Variants\ASTTest.Variants.DynArray1.pas"/>
        <DCCReference Include="..\TestScripts\Variants\ASTTest.Variants.Enum1.pas"/>
        <DCCReference Include="..\TestScripts\RTL\ASTTest.RTL.TDictionaty1.pas"/>
        <DCCReference Include="..\TestScripts\RTL\ASTTest.RTL.IEnumerable1.pas"/>
        <DCCReference Include="..\TestScripts\RTL\ASTTest.RTL.SysUtils1.pas"/>
        <DCCReference Include="..\TestScripts\Names Overloading\ASTTest.NamesOverloading1.pas"/>
        <DCCReference Include="..\TestScripts\Names Overloading\ASTTest.NamesOverloading2.pas"/>
        <DCCReference Include="..\TestScripts\Names Overloading\ASTTest.NamesOverloading.Prop1.pas"/>
        <DCCReference Include="..\TestScripts\Names Overloading\ASTTest.NamesOverloading.DirsAsFields.pas"/>
        <DCCReference Include="..\TestScripts\Names Overloading\ASTTest.NamesOverloading.DirsAsProps.pas"/>
        <DCCReference Include="..\TestScripts\Sets\ASTTest.Sets.ForInSet1.pas"/>
        <DCCReference Include="..\TestScripts\Sets\ASTTest.Sets.ForInSet2.pas"/>
        <DCCReference Include="..\TestScripts\Sets\ASTTest.Sets.ExplicitCast1.pas"/>
        <DCCReference Include="..\TestScripts\Sets\ASTTest.Sets.ExplicitCast2.pas"/>
        <DCCReference Include="..\TestScripts\Sets\ASTTest.Sets.SetOfChar1.pas"/>
        <DCCReference Include="..\TestScripts\Interfaces\ASTTest.Intf.MethodRedeclaration.pas"/>
        <DCCReference Include="..\TestScripts\Interfaces\ASTTest.Intf.RefToProcAsInterface1.pas"/>
        <DCCReference Include="..\TestScripts\Interfaces\ASTTest.Intf.MethodDelegation1.pas"/>
        <DCCReference Include="..\TestScripts\Interfaces\ASTTest.Intf.MethodDelegation2.pas"/>
        <DCCReference Include="..\TestScripts\Interfaces\ASTTest.Intf.Implements1.pas"/>
        <DCCReference Include="..\TestScripts\Records\ASTTest.Records.CaseRecord2.pas"/>
        <DCCReference Include="..\TestScripts\Records\ASTTest.Records.CaseRecord1.pas"/>
        <DCCReference Include="..\TestScripts\Records\ASTTest.Records.StaticInit1.pas"/>
        <DCCReference Include="..\TestScripts\Records\ASTTest.Records.StaticInit2.pas"/>
        <DCCReference Include="..\TestScripts\Records\ASTTest.Records.ExplicitCast1.pas"/>
        <DCCReference Include="..\TestScripts\Built-ins\ASTTest.Builtins.High1.pas"/>
        <DCCReference Include="..\TestScripts\Built-ins\ASTTest.Builtins.Declared1.pas"/>
        <DCCReference Include="..\TestScripts\Vars\ASTTest.Vars.TypeInfer1.pas"/>
        <DCCReference Include="..\TestScripts\Vars\ASTTest.Vars.Absolute1.pas"/>
        <DCCReference Include="..\TestScripts\Enums\ASTTest.Enums.ReservedNames1.pas"/>
        <DCCReference Include="..\TestScripts\Enums\ASTTest.Enums.ForLowHigh.pas"/>
        <DCCReference Include="..\TestScripts\Include\ASTTest.Include1.pas"/>
        <DCCReference Include="..\TestScripts\Include\ASTTest.Include2.pas"/>
        <DCCReference Include="..\TestScripts\Aliases\ASTTest.Aliases.StringTypeWithCodepage1.pas"/>
        <DCCReference Include="..\TestScripts\Aliases\ASTTest.Aliases.Nested1.pas"/>
        <DCCReference Include="..\TestScripts\Aliases\ASTTest.Aliases.NewIntWithCast1.pas"/>
        <DCCReference Include="..\TestScripts\Aliases\ASTTest.Aliases.NewDblWithCast1.pas"/>
        <DCCReference Include="..\TestScripts\Aliases\ASTTest.Aliases.NewIntWithCast2.pas"/>
        <DCCReference Include="..\TestScripts\Aliases\ASTTest.Aliases.NewDblWithCast2.pas"/>
        <DCCReference Include="..\TestScripts\Other\ASTTest.Other.Deprecated1.pas"/>
        <DCCReference Include="..\TestScripts\Other\ASTTest.Other.Platform1.pas"/>
        <DCCReference Include="..\TestScripts\Other\ASTTest.Other.PlatformAndDeprecatedMix.pas"/>
        <DCCReference Include="..\TestScripts\Consts\ASTTest.Consts.DateTime1.pas"/>
        <DCCReference Include="..\TestScripts\RTL\ASTTest.RTL.FileTypes1.pas"/>
        <DCCReference Include="..\TestScripts\RTL\ASTTest.RTL.StrHelper1.pas"/>
        <DCCReference Include="..\TestScripts\RTL\ASTTest.RTL.TColorRec1.pas"/>
        <DCCReference Include="..\TestScripts\RTL\ASTTest.RTL.TValue1.pas"/>
        <DCCReference Include="..\TestScripts\Ranges\ASTTest.Ranges.EnumRange1.pas"/>
        <DCCReference Include="..\TestScripts\Arrays\ASTTest.Arrays.Implicit1.pas"/>
        <DCCReference Include="..\TestScripts\Arrays\ASTTest.Arrays.OpenArrayImplicits1.pas"/>
        <DCCReference Include="..\TestScripts\Strings\ASTTest.Strings.ArrayOfChar1.pas"/>
        <BuildConfiguration Include="Base">
            <Key>Base</Key>
        </BuildConfiguration>
        <BuildConfiguration Include="Debug">
            <Key>Cfg_1</Key>
            <CfgParent>Base</CfgParent>
        </BuildConfiguration>
        <BuildConfiguration Include="Release">
            <Key>Cfg_2</Key>
            <CfgParent>Base</CfgParent>
        </BuildConfiguration>
    </ItemGroup>
    <ProjectExtensions>
        <Borland.Personality>Delphi.Personality.12</Borland.Personality>
        <Borland.ProjectType>Application</Borland.ProjectType>
        <BorlandProject>
            <Delphi.Personality>
                <Source>
                    <Source Name="MainSource">DASTTestApp.dpr</Source>
                </Source>
                <Excluded_Packages>
                    <Excluded_Packages Name="$(BDSBIN)\dcloffice2k290.bpl">Microsoft Office 2000 Sample Automation Server Wrapper Components</Excluded_Packages>
                    <Excluded_Packages Name="$(BDSBIN)\dclofficexp290.bpl">Microsoft Office XP Sample Automation Server Wrapper Components</Excluded_Packages>
                </Excluded_Packages>
            </Delphi.Personality>
            <Deployment Version="5">
                <DeployFile LocalName="Bin\DASTTestApp.exe" Configuration="Debug" Class="ProjectOutput">
                    <Platform Name="Win32">
                        <RemoteName>DASTTestApp.exe</RemoteName>
                        <Overwrite>true</Overwrite>
                    </Platform>
                </DeployFile>
                <DeployFile LocalName="Win32\Debug\DASTTestApp.exe" Configuration="Debug" Class="ProjectOutput"/>
                <DeployClass Name="AdditionalDebugSymbols">
                    <Platform Name="iOSSimulator">
                        <Operation>1</Operation>
                    </Platform>
                    <Platform Name="OSX32">
                        <RemoteDir>Contents\MacOS</RemoteDir>
                        <Operation>1</Operation>
                    </Platform>
                    <Platform Name="Win32">
                        <Operation>0</Operation>
                    </Platform>
                </DeployClass>
                <DeployClass Name="AndroidFileProvider">
                    <Platform Name="Android">
                        <RemoteDir>res\xml</RemoteDir>
                        <Operation>1</Operation>
                    </Platform>
                    <Platform Name="Android64">
                        <RemoteDir>res\xml</RemoteDir>
                        <Operation>1</Operation>
                    </Platform>
                </DeployClass>
                <DeployClass Name="AndroidLibnativeArmeabiFile">
                    <Platform Name="Android">
                        <RemoteDir>library\lib\armeabi</RemoteDir>
                        <Operation>1</Operation>
                    </Platform>
                    <Platform Name="Android64">
                        <RemoteDir>library\lib\armeabi</RemoteDir>
                        <Operation>1</Operation>
                    </Platform>
                </DeployClass>
                <DeployClass Name="AndroidLibnativeArmeabiv7aFile">
                    <Platform Name="Android64">
                        <RemoteDir>library\lib\armeabi-v7a</RemoteDir>
                        <Operation>1</Operation>
                    </Platform>
                </DeployClass>
                <DeployClass Name="AndroidLibnativeMipsFile">
                    <Platform Name="Android">
                        <RemoteDir>library\lib\mips</RemoteDir>
                        <Operation>1</Operation>
                    </Platform>
                    <Platform Name="Android64">
                        <RemoteDir>library\lib\mips</RemoteDir>
                        <Operation>1</Operation>
                    </Platform>
                </DeployClass>
                <DeployClass Name="AndroidServiceOutput">
                    <Platform Name="Android">
                        <RemoteDir>library\lib\armeabi-v7a</RemoteDir>
                        <Operation>1</Operation>
                    </Platform>
                    <Platform Name="Android64">
                        <RemoteDir>library\lib\arm64-v8a</RemoteDir>
                        <Operation>1</Operation>
                    </Platform>
                </DeployClass>
                <DeployClass Name="AndroidServiceOutput_Android32">
                    <Platform Name="Android64">
                        <RemoteDir>library\lib\armeabi-v7a</RemoteDir>
                        <Operation>1</Operation>
                    </Platform>
                </DeployClass>
                <DeployClass Name="AndroidSplashImageDef">
                    <Platform Name="Android">
                        <RemoteDir>res\drawable</RemoteDir>
                        <Operation>1</Operation>
                    </Platform>
                    <Platform Name="Android64">
                        <RemoteDir>res\drawable</RemoteDir>
                        <Operation>1</Operation>
                    </Platform>
                </DeployClass>
                <DeployClass Name="AndroidSplashImageDefV21">
                    <Platform Name="Android">
                        <RemoteDir>res\drawable-anydpi-v21</RemoteDir>
                        <Operation>1</Operation>
                    </Platform>
                    <Platform Name="Android64">
                        <RemoteDir>res\drawable-anydpi-v21</RemoteDir>
                        <Operation>1</Operation>
                    </Platform>
                </DeployClass>
                <DeployClass Name="AndroidSplashStyles">
                    <Platform Name="Android">
                        <RemoteDir>res\values</RemoteDir>
                        <Operation>1</Operation>
                    </Platform>
                    <Platform Name="Android64">
                        <RemoteDir>res\values</RemoteDir>
                        <Operation>1</Operation>
                    </Platform>
                </DeployClass>
                <DeployClass Name="AndroidSplashStylesV21">
                    <Platform Name="Android">
                        <RemoteDir>res\values-v21</RemoteDir>
                        <Operation>1</Operation>
                    </Platform>
                    <Platform Name="Android64">
                        <RemoteDir>res\values-v21</RemoteDir>
                        <Operation>1</Operation>
                    </Platform>
                </DeployClass>
                <DeployClass Name="AndroidSplashStylesV31">
                    <Platform Name="Android">
                        <RemoteDir>res\values-v31</RemoteDir>
                        <Operation>1</Operation>
                    </Platform>
                    <Platform Name="Android64">
                        <RemoteDir>res\values-v31</RemoteDir>
                        <Operation>1</Operation>
                    </Platform>
                </DeployClass>
                <DeployClass Name="AndroidSplashStylesV35">
                    <Platform Name="Android">
                        <RemoteDir>res\values-v35</RemoteDir>
                        <Operation>1</Operation>
                    </Platform>
                    <Platform Name="Android64">
                        <RemoteDir>res\values-v35</RemoteDir>
                        <Operation>1</Operation>
                    </Platform>
                </DeployClass>
                <DeployClass Name="Android_AdaptiveIcon">
                    <Platform Name="Android">
                        <RemoteDir>res\drawable-anydpi-v26</RemoteDir>
                        <Operation>1</Operation>
                    </Platform>
                    <Platform Name="Android64">
                        <RemoteDir>res\drawable-anydpi-v26</RemoteDir>
                        <Operation>1</Operation>
                    </Platform>
                </DeployClass>
                <DeployClass Name="Android_AdaptiveIconBackground">
                    <Platform Name="Android">
                        <RemoteDir>res\drawable</RemoteDir>
                        <Operation>1</Operation>
                    </Platform>
                    <Platform Name="Android64">
                        <RemoteDir>res\drawable</RemoteDir>
                        <Operation>1</Operation>
                    </Platform>
                </DeployClass>
                <DeployClass Name="Android_AdaptiveIconForeground">
                    <Platform Name="Android">
                        <RemoteDir>res\drawable</RemoteDir>
                        <Operation>1</Operation>
                    </Platform>
                    <Platform Name="Android64">
                        <RemoteDir>res\drawable</RemoteDir>
                        <Operation>1</Operation>
                    </Platform>
                </DeployClass>
                <DeployClass Name="Android_AdaptiveIconMonochrome">
                    <Platform Name="Android">
                        <RemoteDir>res\drawable</RemoteDir>
                        <Operation>1</Operation>
                    </Platform>
                    <Platform Name="Android64">
                        <RemoteDir>res\drawable</RemoteDir>
                        <Operation>1</Operation>
                    </Platform>
                </DeployClass>
                <DeployClass Name="Android_AdaptiveIconV33">
                    <Platform Name="Android">
                        <RemoteDir>res\drawable-anydpi-v33</RemoteDir>
                        <Operation>1</Operation>
                    </Platform>
                    <Platform Name="Android64">
                        <RemoteDir>res\drawable-anydpi-v33</RemoteDir>
                        <Operation>1</Operation>
                    </Platform>
                </DeployClass>
                <DeployClass Name="Android_Colors">
                    <Platform Name="Android">
                        <RemoteDir>res\values</RemoteDir>
                        <Operation>1</Operation>
                    </Platform>
                    <Platform Name="Android64">
                        <RemoteDir>res\values</RemoteDir>
                        <Operation>1</Operation>
                    </Platform>
                </DeployClass>
                <DeployClass Name="Android_ColorsDark">
                    <Platform Name="Android">
                        <RemoteDir>res\values-night-v21</RemoteDir>
                        <Operation>1</Operation>
                    </Platform>
                    <Platform Name="Android64">
                        <RemoteDir>res\values-night-v21</RemoteDir>
                        <Operation>1</Operation>
                    </Platform>
                </DeployClass>
                <DeployClass Name="Android_DefaultAppIcon">
                    <Platform Name="Android">
                        <RemoteDir>res\drawable</RemoteDir>
                        <Operation>1</Operation>
                    </Platform>
                    <Platform Name="Android64">
                        <RemoteDir>res\drawable</RemoteDir>
                        <Operation>1</Operation>
                    </Platform>
                </DeployClass>
                <DeployClass Name="Android_LauncherIcon144">
                    <Platform Name="Android">
                        <RemoteDir>res\drawable-xxhdpi</RemoteDir>
                        <Operation>1</Operation>
                    </Platform>
                    <Platform Name="Android64">
                        <RemoteDir>res\drawable-xxhdpi</RemoteDir>
                        <Operation>1</Operation>
                    </Platform>
                </DeployClass>
                <DeployClass Name="Android_LauncherIcon192">
                    <Platform Name="Android">
                        <RemoteDir>res\drawable-xxxhdpi</RemoteDir>
                        <Operation>1</Operation>
                    </Platform>
                    <Platform Name="Android64">
                        <RemoteDir>res\drawable-xxxhdpi</RemoteDir>
                        <Operation>1</Operation>
                    </Platform>
                </DeployClass>
                <DeployClass Name="Android_LauncherIcon36">
                    <Platform Name="Android">
                        <RemoteDir>res\drawable-ldpi</RemoteDir>
                        <Operation>1</Operation>
                    </Platform>
                    <Platform Name="Android64">
                        <RemoteDir>res\drawable-ldpi</RemoteDir>
                        <Operation>1</Operation>
                    </Platform>
                </DeployClass>
                <DeployClass Name="Android_LauncherIcon48">
                    <Platform Name="Android">
                        <RemoteDir>res\drawable-mdpi</RemoteDir>
                        <Operation>1</Operation>
                    </Platform>
                    <Platform Name="Android64">
                        <RemoteDir>res\drawable-mdpi</RemoteDir>
                        <Operation>1</Operation>
                    </Platform>
                </DeployClass>
                <DeployClass Name="Android_LauncherIcon72">
                    <Platform Name="Android">
                        <RemoteDir>res\drawable-hdpi</RemoteDir>
                        <Operation>1</Operation>
                    </Platform>
                    <Platform Name="Android64">
                        <RemoteDir>res\drawable-hdpi</RemoteDir>
                        <Operation>1</Operation>
                    </Platform>
                </DeployClass>
                <DeployClass Name="Android_LauncherIcon96">
                    <Platform Name="Android">
                        <RemoteDir>res\drawable-xhdpi</RemoteDir>
                        <Operation>1</Operation>
                    </Platform>
                    <Platform Name="Android64">
                        <RemoteDir>res\drawable-xhdpi</RemoteDir>
                        <Operation>1</Operation>
                    </Platform>
                </DeployClass>
                <DeployClass Name="Android_NotificationIcon24">
                    <Platform Name="Android">
                        <RemoteDir>res\drawable-mdpi</RemoteDir>
                        <Operation>1</Operation>
                    </Platform>
                    <Platform Name="Android64">
                        <RemoteDir>res\drawable-mdpi</RemoteDir>
                        <Operation>1</Operation>
                    </Platform>
                </DeployClass>
                <DeployClass Name="Android_NotificationIcon36">
                    <Platform Name="Android">
                        <RemoteDir>res\drawable-hdpi</RemoteDir>
                        <Operation>1</Operation>
                    </Platform>
                    <Platform Name="Android64">
                        <RemoteDir>res\drawable-hdpi</RemoteDir>
                        <Operation>1</Operation>
                    </Platform>
                </DeployClass>
                <DeployClass Name="Android_NotificationIcon48">
                    <Platform Name="Android">
                        <RemoteDir>res\drawable-xhdpi</RemoteDir>
                        <Operation>1</Operation>
                    </Platform>
                    <Platform Name="Android64">
                        <RemoteDir>res\drawable-xhdpi</RemoteDir>
                        <Operation>1</Operation>
                    </Platform>
                </DeployClass>
                <DeployClass Name="Android_NotificationIcon72">
                    <Platform Name="Android">
                        <RemoteDir>res\drawable-xxhdpi</RemoteDir>
                        <Operation>1</Operation>
                    </Platform>
                    <Platform Name="Android64">
                        <RemoteDir>res\drawable-xxhdpi</RemoteDir>
                        <Operation>1</Operation>
                    </Platform>
                </DeployClass>
                <DeployClass Name="Android_NotificationIcon96">
                    <Platform Name="Android">
                        <RemoteDir>res\drawable-xxxhdpi</RemoteDir>
                        <Operation>1</Operation>
                    </Platform>
                    <Platform Name="Android64">
                        <RemoteDir>res\drawable-xxxhdpi</RemoteDir>
                        <Operation>1</Operation>
                    </Platform>
                </DeployClass>
                <DeployClass Name="Android_SplashImage426">
                    <Platform Name="Android">
                        <RemoteDir>res\drawable-small</RemoteDir>
                        <Operation>1</Operation>
                    </Platform>
                    <Platform Name="Android64">
                        <RemoteDir>res\drawable-small</RemoteDir>
                        <Operation>1</Operation>
                    </Platform>
                </DeployClass>
                <DeployClass Name="Android_SplashImage470">
                    <Platform Name="Android">
                        <RemoteDir>res\drawable-normal</RemoteDir>
                        <Operation>1</Operation>
                    </Platform>
                    <Platform Name="Android64">
                        <RemoteDir>res\drawable-normal</RemoteDir>
                        <Operation>1</Operation>
                    </Platform>
                </DeployClass>
                <DeployClass Name="Android_SplashImage640">
                    <Platform Name="Android">
                        <RemoteDir>res\drawable-large</RemoteDir>
                        <Operation>1</Operation>
                    </Platform>
                    <Platform Name="Android64">
                        <RemoteDir>res\drawable-large</RemoteDir>
                        <Operation>1</Operation>
                    </Platform>
                </DeployClass>
                <DeployClass Name="Android_SplashImage960">
                    <Platform Name="Android">
                        <RemoteDir>res\drawable-xlarge</RemoteDir>
                        <Operation>1</Operation>
                    </Platform>
                    <Platform Name="Android64">
                        <RemoteDir>res\drawable-xlarge</RemoteDir>
                        <Operation>1</Operation>
                    </Platform>
                </DeployClass>
                <DeployClass Name="Android_Strings">
                    <Platform Name="Android">
                        <RemoteDir>res\values</RemoteDir>
                        <Operation>1</Operation>
                    </Platform>
                    <Platform Name="Android64">
                        <RemoteDir>res\values</RemoteDir>
                        <Operation>1</Operation>
                    </Platform>
                </DeployClass>
                <DeployClass Name="Android_VectorizedNotificationIcon">
                    <Platform Name="Android">
                        <RemoteDir>res\drawable-anydpi-v24</RemoteDir>
                        <Operation>1</Operation>
                    </Platform>
                    <Platform Name="Android64">
                        <RemoteDir>res\drawable-anydpi-v24</RemoteDir>
                        <Operation>1</Operation>
                    </Platform>
                </DeployClass>
                <DeployClass Name="Android_VectorizedSplash">
                    <Platform Name="Android">
                        <RemoteDir>res\drawable</RemoteDir>
                        <Operation>1</Operation>
                    </Platform>
                    <Platform Name="Android64">
                        <RemoteDir>res\drawable</RemoteDir>
                        <Operation>1</Operation>
                    </Platform>
                </DeployClass>
                <DeployClass Name="Android_VectorizedSplashDark">
                    <Platform Name="Android">
                        <RemoteDir>res\drawable-night-anydpi-v21</RemoteDir>
                        <Operation>1</Operation>
                    </Platform>
                    <Platform Name="Android64">
                        <RemoteDir>res\drawable-night-anydpi-v21</RemoteDir>
                        <Operation>1</Operation>
                    </Platform>
                </DeployClass>
                <DeployClass Name="Android_VectorizedSplashV31">
                    <Platform Name="Android">
                        <RemoteDir>res\drawable-anydpi-v31</RemoteDir>
                        <Operation>1</Operation>
                    </Platform>
                    <Platform Name="Android64">
                        <RemoteDir>res\drawable-anydpi-v31</RemoteDir>
                        <Operation>1</Operation>
                    </Platform>
                </DeployClass>
                <DeployClass Name="Android_VectorizedSplashV31Dark">
                    <Platform Name="Android">
                        <RemoteDir>res\drawable-night-anydpi-v31</RemoteDir>
                        <Operation>1</Operation>
                    </Platform>
                    <Platform Name="Android64">
                        <RemoteDir>res\drawable-night-anydpi-v31</RemoteDir>
                        <Operation>1</Operation>
                    </Platform>
                </DeployClass>
                <DeployClass Name="DebugSymbols">
                    <Platform Name="iOSSimulator">
                        <Operation>1</Operation>
                    </Platform>
                    <Platform Name="OSX32">
                        <RemoteDir>Contents\MacOS</RemoteDir>
                        <Operation>1</Operation>
                    </Platform>
                    <Platform Name="Win32">
                        <Operation>0</Operation>
                    </Platform>
                </DeployClass>
                <DeployClass Name="DependencyFramework">
                    <Platform Name="OSX32">
                        <RemoteDir>Contents\MacOS</RemoteDir>
                        <Operation>1</Operation>
                        <Extensions>.framework</Extensions>
                    </Platform>
                    <Platform Name="OSX64">
                        <RemoteDir>Contents\MacOS</RemoteDir>
                        <Operation>1</Operation>
                        <Extensions>.framework</Extensions>
                    </Platform>
                    <Platform Name="OSXARM64">
                        <RemoteDir>Contents\MacOS</RemoteDir>
                        <Operation>1</Operation>
                        <Extensions>.framework</Extensions>
                    </Platform>
                    <Platform Name="Win32">
                        <Operation>0</Operation>
                    </Platform>
                </DeployClass>
                <DeployClass Name="DependencyModule">
                    <Platform Name="iOSDevice32">
                        <Operation>1</Operation>
                        <Extensions>.dylib</Extensions>
                    </Platform>
                    <Platform Name="iOSDevice64">
                        <Operation>1</Operation>
                        <Extensions>.dylib</Extensions>
                    </Platform>
                    <Platform Name="iOSSimARM64">
                        <Operation>1</Operation>
                        <Extensions>.dylib</Extensions>
                    </Platform>
                    <Platform Name="OSX32">
                        <RemoteDir>Contents\MacOS</RemoteDir>
                        <Operation>1</Operation>
                        <Extensions>.dylib</Extensions>
                    </Platform>
                    <Platform Name="OSX64">
                        <RemoteDir>Contents\MacOS</RemoteDir>
                        <Operation>1</Operation>
                        <Extensions>.dylib</Extensions>
                    </Platform>
                    <Platform Name="OSXARM64">
                        <RemoteDir>Contents\MacOS</RemoteDir>
                        <Operation>1</Operation>
                        <Extensions>.dylib</Extensions>
                    </Platform>
                    <Platform Name="Win32">
                        <Operation>0</Operation>
                        <Extensions>.dll;.bpl</Extensions>
                    </Platform>
                </DeployClass>
                <DeployClass Required="true" Name="DependencyPackage">
                    <Platform Name="iOSDevice32">
                        <Operation>1</Operation>
                        <Extensions>.dylib</Extensions>
                    </Platform>
                    <Platform Name="iOSDevice64">
                        <Operation>1</Operation>
                        <Extensions>.dylib</Extensions>
                    </Platform>
                    <Platform Name="iOSSimARM64">
                        <Operation>1</Operation>
                        <Extensions>.dylib</Extensions>
                    </Platform>
                    <Platform Name="OSX32">
                        <RemoteDir>Contents\MacOS</RemoteDir>
                        <Operation>1</Operation>
                        <Extensions>.dylib</Extensions>
                    </Platform>
                    <Platform Name="OSX64">
                        <RemoteDir>Contents\MacOS</RemoteDir>
                        <Operation>1</Operation>
                        <Extensions>.dylib</Extensions>
                    </Platform>
                    <Platform Name="OSXARM64">
                        <RemoteDir>Contents\MacOS</RemoteDir>
                        <Operation>1</Operation>
                        <Extensions>.dylib</Extensions>
                    </Platform>
                    <Platform Name="Win32">
                        <Operation>0</Operation>
                        <Extensions>.bpl</Extensions>
                    </Platform>
                </DeployClass>
                <DeployClass Name="File">
                    <Platform Name="Android">
                        <Operation>0</Operation>
                    </Platform>
                    <Platform Name="Android64">
                        <Operation>0</Operation>
                    </Platform>
                    <Platform Name="iOSDevice32">
                        <Operation>0</Operation>
                    </Platform>
                    <Platform Name="iOSDevice64">
                        <Operation>0</Operation>
                    </Platform>
                    <Platform Name="iOSSimARM64">
                        <Operation>0</Operation>
                    </Platform>
                    <Platform Name="OSX32">
                        <RemoteDir>Contents\Resources\StartUp\</RemoteDir>
                        <Operation>0</Operation>
                    </Platform>
                    <Platform Name="OSX64">
                        <RemoteDir>Contents\Resources\StartUp\</RemoteDir>
                        <Operation>0</Operation>
                    </Platform>
                    <Platform Name="OSXARM64">
                        <RemoteDir>Contents\Resources\StartUp\</RemoteDir>
                        <Operation>0</Operation>
                    </Platform>
                    <Platform Name="Win32">
                        <Operation>0</Operation>
                    </Platform>
                </DeployClass>
                <DeployClass Name="ProjectAndroidManifest">
                    <Platform Name="Android">
                        <Operation>1</Operation>
                    </Platform>
                    <Platform Name="Android64">
                        <Operation>1</Operation>
                    </Platform>
                </DeployClass>
                <DeployClass Name="ProjectOSXDebug">
                    <Platform Name="OSX64">
                        <RemoteDir>..\$(PROJECTNAME).app.dSYM\Contents\Resources\DWARF</RemoteDir>
                        <Operation>1</Operation>
                    </Platform>
                    <Platform Name="OSXARM64">
                        <RemoteDir>..\$(PROJECTNAME).app.dSYM\Contents\Resources\DWARF</RemoteDir>
                        <Operation>1</Operation>
                    </Platform>
                </DeployClass>
                <DeployClass Name="ProjectOSXEntitlements">
                    <Platform Name="OSX32">
                        <RemoteDir>..\</RemoteDir>
                        <Operation>1</Operation>
                    </Platform>
                    <Platform Name="OSX64">
                        <RemoteDir>..\</RemoteDir>
                        <Operation>1</Operation>
                    </Platform>
                    <Platform Name="OSXARM64">
                        <RemoteDir>..\</RemoteDir>
                        <Operation>1</Operation>
                    </Platform>
                </DeployClass>
                <DeployClass Name="ProjectOSXInfoPList">
                    <Platform Name="OSX32">
                        <RemoteDir>Contents</RemoteDir>
                        <Operation>1</Operation>
                    </Platform>
                    <Platform Name="OSX64">
                        <RemoteDir>Contents</RemoteDir>
                        <Operation>1</Operation>
                    </Platform>
                    <Platform Name="OSXARM64">
                        <RemoteDir>Contents</RemoteDir>
                        <Operation>1</Operation>
                    </Platform>
                </DeployClass>
                <DeployClass Name="ProjectOSXResource">
                    <Platform Name="OSX32">
                        <RemoteDir>Contents\Resources</RemoteDir>
                        <Operation>1</Operation>
                    </Platform>
                    <Platform Name="OSX64">
                        <RemoteDir>Contents\Resources</RemoteDir>
                        <Operation>1</Operation>
                    </Platform>
                    <Platform Name="OSXARM64">
                        <RemoteDir>Contents\Resources</RemoteDir>
                        <Operation>1</Operation>
                    </Platform>
                </DeployClass>
                <DeployClass Required="true" Name="ProjectOutput">
                    <Platform Name="Android">
                        <RemoteDir>library\lib\armeabi-v7a</RemoteDir>
                        <Operation>1</Operation>
                    </Platform>
                    <Platform Name="Android64">
                        <RemoteDir>library\lib\arm64-v8a</RemoteDir>
                        <Operation>1</Operation>
                    </Platform>
                    <Platform Name="iOSDevice32">
                        <Operation>1</Operation>
                    </Platform>
                    <Platform Name="iOSDevice64">
                        <Operation>1</Operation>
                    </Platform>
                    <Platform Name="iOSSimARM64">
                        <Operation>1</Operation>
                    </Platform>
                    <Platform Name="Linux64">
                        <Operation>1</Operation>
                    </Platform>
                    <Platform Name="OSX32">
                        <RemoteDir>Contents\MacOS</RemoteDir>
                        <Operation>1</Operation>
                    </Platform>
                    <Platform Name="OSX64">
                        <RemoteDir>Contents\MacOS</RemoteDir>
                        <Operation>1</Operation>
                    </Platform>
                    <Platform Name="OSXARM64">
                        <RemoteDir>Contents\MacOS</RemoteDir>
                        <Operation>1</Operation>
                    </Platform>
                    <Platform Name="Win32">
                        <Operation>0</Operation>
                    </Platform>
                </DeployClass>
                <DeployClass Name="ProjectOutput_Android32">
                    <Platform Name="Android64">
                        <RemoteDir>library\lib\armeabi-v7a</RemoteDir>
                        <Operation>1</Operation>
                    </Platform>
                </DeployClass>
                <DeployClass Name="ProjectUWPManifest">
                    <Platform Name="Win32">
                        <Operation>1</Operation>
                    </Platform>
                    <Platform Name="Win64">
                        <Operation>1</Operation>
                    </Platform>
                    <Platform Name="Win64x">
                        <Operation>1</Operation>
                    </Platform>
                </DeployClass>
                <DeployClass Name="ProjectiOSDeviceDebug">
                    <Platform Name="iOSDevice32">
                        <RemoteDir>..\$(PROJECTNAME).app.dSYM\Contents\Resources\DWARF</RemoteDir>
                        <Operation>1</Operation>
                    </Platform>
                    <Platform Name="iOSDevice64">
                        <RemoteDir>..\$(PROJECTNAME).app.dSYM\Contents\Resources\DWARF</RemoteDir>
                        <Operation>1</Operation>
                    </Platform>
                    <Platform Name="iOSSimARM64">
                        <RemoteDir>..\$(PROJECTNAME).app.dSYM\Contents\Resources\DWARF</RemoteDir>
                        <Operation>1</Operation>
                    </Platform>
                </DeployClass>
                <DeployClass Name="ProjectiOSEntitlements">
                    <Platform Name="iOSDevice32">
                        <RemoteDir>..\</RemoteDir>
                        <Operation>1</Operation>
                    </Platform>
                    <Platform Name="iOSDevice64">
                        <RemoteDir>..\</RemoteDir>
                        <Operation>1</Operation>
                    </Platform>
                    <Platform Name="iOSSimARM64">
                        <RemoteDir>..\</RemoteDir>
                        <Operation>1</Operation>
                    </Platform>
                </DeployClass>
                <DeployClass Name="ProjectiOSInfoPList">
                    <Platform Name="iOSDevice32">
                        <Operation>1</Operation>
                    </Platform>
                    <Platform Name="iOSDevice64">
                        <Operation>1</Operation>
                    </Platform>
                    <Platform Name="iOSSimARM64">
                        <Operation>1</Operation>
                    </Platform>
                </DeployClass>
                <DeployClass Name="ProjectiOSLaunchScreen">
                    <Platform Name="iOSDevice64">
                        <RemoteDir>..\$(PROJECTNAME).launchscreen</RemoteDir>
                        <Operation>64</Operation>
                    </Platform>
                    <Platform Name="iOSSimARM64">
                        <RemoteDir>..\$(PROJECTNAME).launchscreen</RemoteDir>
                        <Operation>64</Operation>
                    </Platform>
                </DeployClass>
                <DeployClass Name="ProjectiOSResource">
                    <Platform Name="iOSDevice32">
                        <Operation>1</Operation>
                    </Platform>
                    <Platform Name="iOSDevice64">
                        <Operation>1</Operation>
                    </Platform>
                    <Platform Name="iOSSimARM64">
                        <Operation>1</Operation>
                    </Platform>
                </DeployClass>
                <DeployClass Name="UWP_DelphiLogo150">
                    <Platform Name="Win32">
                        <RemoteDir>Assets</RemoteDir>
                        <Operation>1</Operation>
                    </Platform>
                    <Platform Name="Win64">
                        <RemoteDir>Assets</RemoteDir>
                        <Operation>1</Operation>
                    </Platform>
                </DeployClass>
                <DeployClass Name="UWP_DelphiLogo44">
                    <Platform Name="Win32">
                        <RemoteDir>Assets</RemoteDir>
                        <Operation>1</Operation>
                    </Platform>
                    <Platform Name="Win64">
                        <RemoteDir>Assets</RemoteDir>
                        <Operation>1</Operation>
                    </Platform>
                </DeployClass>
                <DeployClass Name="iOS_AppStore1024">
                    <Platform Name="iOSDevice64">
                        <RemoteDir>..\$(PROJECTNAME).launchscreen\Assets\AppIcon.appiconset</RemoteDir>
                        <Operation>1</Operation>
                    </Platform>
                    <Platform Name="iOSSimARM64">
                        <RemoteDir>..\$(PROJECTNAME).launchscreen\Assets\AppIcon.appiconset</RemoteDir>
                        <Operation>1</Operation>
                    </Platform>
                </DeployClass>
                <DeployClass Name="iPad_AppIcon152">
                    <Platform Name="iOSDevice64">
                        <RemoteDir>..\$(PROJECTNAME).launchscreen\Assets\AppIcon.appiconset</RemoteDir>
                        <Operation>1</Operation>
                    </Platform>
                    <Platform Name="iOSSimARM64">
                        <RemoteDir>..\$(PROJECTNAME).launchscreen\Assets\AppIcon.appiconset</RemoteDir>
                        <Operation>1</Operation>
                    </Platform>
                </DeployClass>
                <DeployClass Name="iPad_AppIcon167">
                    <Platform Name="iOSDevice64">
                        <RemoteDir>..\$(PROJECTNAME).launchscreen\Assets\AppIcon.appiconset</RemoteDir>
                        <Operation>1</Operation>
                    </Platform>
                    <Platform Name="iOSSimARM64">
                        <RemoteDir>..\$(PROJECTNAME).launchscreen\Assets\AppIcon.appiconset</RemoteDir>
                        <Operation>1</Operation>
                    </Platform>
                </DeployClass>
                <DeployClass Name="iPad_Launch2x">
                    <Platform Name="iOSDevice64">
                        <RemoteDir>..\$(PROJECTNAME).launchscreen\Assets\LaunchScreenImage.imageset</RemoteDir>
                        <Operation>1</Operation>
                    </Platform>
                    <Platform Name="iOSSimARM64">
                        <RemoteDir>..\$(PROJECTNAME).launchscreen\Assets\LaunchScreenImage.imageset</RemoteDir>
                        <Operation>1</Operation>
                    </Platform>
                </DeployClass>
                <DeployClass Name="iPad_LaunchDark2x">
                    <Platform Name="iOSDevice64">
                        <RemoteDir>..\$(PROJECTNAME).launchscreen\Assets\LaunchScreenImage.imageset</RemoteDir>
                        <Operation>1</Operation>
                    </Platform>
                    <Platform Name="iOSSimARM64">
                        <RemoteDir>..\$(PROJECTNAME).launchscreen\Assets\LaunchScreenImage.imageset</RemoteDir>
                        <Operation>1</Operation>
                    </Platform>
                </DeployClass>
                <DeployClass Name="iPad_Notification40">
                    <Platform Name="iOSDevice64">
                        <RemoteDir>..\$(PROJECTNAME).launchscreen\Assets\AppIcon.appiconset</RemoteDir>
                        <Operation>1</Operation>
                    </Platform>
                    <Platform Name="iOSSimARM64">
                        <RemoteDir>..\$(PROJECTNAME).launchscreen\Assets\AppIcon.appiconset</RemoteDir>
                        <Operation>1</Operation>
                    </Platform>
                </DeployClass>
                <DeployClass Name="iPad_Setting58">
                    <Platform Name="iOSDevice64">
                        <RemoteDir>..\$(PROJECTNAME).launchscreen\Assets\AppIcon.appiconset</RemoteDir>
                        <Operation>1</Operation>
                    </Platform>
                    <Platform Name="iOSSimARM64">
                        <RemoteDir>..\$(PROJECTNAME).launchscreen\Assets\AppIcon.appiconset</RemoteDir>
                        <Operation>1</Operation>
                    </Platform>
                </DeployClass>
                <DeployClass Name="iPad_SpotLight80">
                    <Platform Name="iOSDevice64">
                        <RemoteDir>..\$(PROJECTNAME).launchscreen\Assets\AppIcon.appiconset</RemoteDir>
                        <Operation>1</Operation>
                    </Platform>
                    <Platform Name="iOSSimARM64">
                        <RemoteDir>..\$(PROJECTNAME).launchscreen\Assets\AppIcon.appiconset</RemoteDir>
                        <Operation>1</Operation>
                    </Platform>
                </DeployClass>
                <DeployClass Name="iPhone_AppIcon120">
                    <Platform Name="iOSDevice64">
                        <RemoteDir>..\$(PROJECTNAME).launchscreen\Assets\AppIcon.appiconset</RemoteDir>
                        <Operation>1</Operation>
                    </Platform>
                    <Platform Name="iOSSimARM64">
                        <RemoteDir>..\$(PROJECTNAME).launchscreen\Assets\AppIcon.appiconset</RemoteDir>
                        <Operation>1</Operation>
                    </Platform>
                </DeployClass>
                <DeployClass Name="iPhone_AppIcon180">
                    <Platform Name="iOSDevice64">
                        <RemoteDir>..\$(PROJECTNAME).launchscreen\Assets\AppIcon.appiconset</RemoteDir>
                        <Operation>1</Operation>
                    </Platform>
                    <Platform Name="iOSSimARM64">
                        <RemoteDir>..\$(PROJECTNAME).launchscreen\Assets\AppIcon.appiconset</RemoteDir>
                        <Operation>1</Operation>
                    </Platform>
                </DeployClass>
                <DeployClass Name="iPhone_Launch2x">
                    <Platform Name="iOSDevice64">
                        <RemoteDir>..\$(PROJECTNAME).launchscreen\Assets\LaunchScreenImage.imageset</RemoteDir>
                        <Operation>1</Operation>
                    </Platform>
                    <Platform Name="iOSSimARM64">
                        <RemoteDir>..\$(PROJECTNAME).launchscreen\Assets\LaunchScreenImage.imageset</RemoteDir>
                        <Operation>1</Operation>
                    </Platform>
                </DeployClass>
                <DeployClass Name="iPhone_Launch3x">
                    <Platform Name="iOSDevice64">
                        <RemoteDir>..\$(PROJECTNAME).launchscreen\Assets\LaunchScreenImage.imageset</RemoteDir>
                        <Operation>1</Operation>
                    </Platform>
                    <Platform Name="iOSSimARM64">
                        <RemoteDir>..\$(PROJECTNAME).launchscreen\Assets\LaunchScreenImage.imageset</RemoteDir>
                        <Operation>1</Operation>
                    </Platform>
                </DeployClass>
                <DeployClass Name="iPhone_LaunchDark2x">
                    <Platform Name="iOSDevice64">
                        <RemoteDir>..\$(PROJECTNAME).launchscreen\Assets\LaunchScreenImage.imageset</RemoteDir>
                        <Operation>1</Operation>
                    </Platform>
                    <Platform Name="iOSSimARM64">
                        <RemoteDir>..\$(PROJECTNAME).launchscreen\Assets\LaunchScreenImage.imageset</RemoteDir>
                        <Operation>1</Operation>
                    </Platform>
                </DeployClass>
                <DeployClass Name="iPhone_LaunchDark3x">
                    <Platform Name="iOSDevice64">
                        <RemoteDir>..\$(PROJECTNAME).launchscreen\Assets\LaunchScreenImage.imageset</RemoteDir>
                        <Operation>1</Operation>
                    </Platform>
                    <Platform Name="iOSSimARM64">
                        <RemoteDir>..\$(PROJECTNAME).launchscreen\Assets\LaunchScreenImage.imageset</RemoteDir>
                        <Operation>1</Operation>
                    </Platform>
                </DeployClass>
                <DeployClass Name="iPhone_Notification40">
                    <Platform Name="iOSDevice64">
                        <RemoteDir>..\$(PROJECTNAME).launchscreen\Assets\AppIcon.appiconset</RemoteDir>
                        <Operation>1</Operation>
                    </Platform>
                    <Platform Name="iOSSimARM64">
                        <RemoteDir>..\$(PROJECTNAME).launchscreen\Assets\AppIcon.appiconset</RemoteDir>
                        <Operation>1</Operation>
                    </Platform>
                </DeployClass>
                <DeployClass Name="iPhone_Notification60">
                    <Platform Name="iOSDevice64">
                        <RemoteDir>..\$(PROJECTNAME).launchscreen\Assets\AppIcon.appiconset</RemoteDir>
                        <Operation>1</Operation>
                    </Platform>
                    <Platform Name="iOSSimARM64">
                        <RemoteDir>..\$(PROJECTNAME).launchscreen\Assets\AppIcon.appiconset</RemoteDir>
                        <Operation>1</Operation>
                    </Platform>
                </DeployClass>
                <DeployClass Name="iPhone_Setting58">
                    <Platform Name="iOSDevice64">
                        <RemoteDir>..\$(PROJECTNAME).launchscreen\Assets\AppIcon.appiconset</RemoteDir>
                        <Operation>1</Operation>
                    </Platform>
                    <Platform Name="iOSSimARM64">
                        <RemoteDir>..\$(PROJECTNAME).launchscreen\Assets\AppIcon.appiconset</RemoteDir>
                        <Operation>1</Operation>
                    </Platform>
                </DeployClass>
                <DeployClass Name="iPhone_Setting87">
                    <Platform Name="iOSDevice64">
                        <RemoteDir>..\$(PROJECTNAME).launchscreen\Assets\AppIcon.appiconset</RemoteDir>
                        <Operation>1</Operation>
                    </Platform>
                    <Platform Name="iOSSimARM64">
                        <RemoteDir>..\$(PROJECTNAME).launchscreen\Assets\AppIcon.appiconset</RemoteDir>
                        <Operation>1</Operation>
                    </Platform>
                </DeployClass>
                <DeployClass Name="iPhone_Spotlight120">
                    <Platform Name="iOSDevice64">
                        <RemoteDir>..\$(PROJECTNAME).launchscreen\Assets\AppIcon.appiconset</RemoteDir>
                        <Operation>1</Operation>
                    </Platform>
                    <Platform Name="iOSSimARM64">
                        <RemoteDir>..\$(PROJECTNAME).launchscreen\Assets\AppIcon.appiconset</RemoteDir>
                        <Operation>1</Operation>
                    </Platform>
                </DeployClass>
                <DeployClass Name="iPhone_Spotlight80">
                    <Platform Name="iOSDevice64">
                        <RemoteDir>..\$(PROJECTNAME).launchscreen\Assets\AppIcon.appiconset</RemoteDir>
                        <Operation>1</Operation>
                    </Platform>
                    <Platform Name="iOSSimARM64">
                        <RemoteDir>..\$(PROJECTNAME).launchscreen\Assets\AppIcon.appiconset</RemoteDir>
                        <Operation>1</Operation>
                    </Platform>
                </DeployClass>
                <ProjectRoot Platform="Android" Name="$(PROJECTNAME)"/>
                <ProjectRoot Platform="Android64" Name="$(PROJECTNAME)"/>
                <ProjectRoot Platform="iOSDevice32" Name="$(PROJECTNAME).app"/>
                <ProjectRoot Platform="iOSDevice64" Name="$(PROJECTNAME).app"/>
                <ProjectRoot Platform="iOSSimARM64" Name="$(PROJECTNAME).app"/>
                <ProjectRoot Platform="Linux64" Name="$(PROJECTNAME)"/>
                <ProjectRoot Platform="OSX32" Name="$(PROJECTNAME).app"/>
                <ProjectRoot Platform="OSX64" Name="$(PROJECTNAME).app"/>
                <ProjectRoot Platform="OSXARM64" Name="$(PROJECTNAME).app"/>
                <ProjectRoot Platform="Win32" Name="$(PROJECTNAME)"/>
                <ProjectRoot Platform="Win64" Name="$(PROJECTNAME)"/>
                <ProjectRoot Platform="Win64x" Name="$(PROJECTNAME)"/>
            </Deployment>
            <Platforms>
                <Platform value="Win32">True</Platform>
                <Platform value="Win64">True</Platform>
            </Platforms>
            <ModelSupport>False</ModelSupport>
        </BorlandProject>
        <ProjectFileVersion>12</ProjectFileVersion>
    </ProjectExtensions>
    <Import Project="$(BDS)\Bin\CodeGear.Delphi.Targets" Condition="Exists('$(BDS)\Bin\CodeGear.Delphi.Targets')"/>
    <Import Project="$(APPDATA)\Embarcadero\$(BDSAPPDATABASEDIR)\$(PRODUCTVERSION)\UserTools.proj" Condition="Exists('$(APPDATA)\Embarcadero\$(BDSAPPDATABASEDIR)\$(PRODUCTVERSION)\UserTools.proj')"/>
    <Import Project="$(MSBuildProjectName).deployproj" Condition="Exists('$(MSBuildProjectName).deployproj')"/>
</Project>
